<Solution>
  <Folder Name="/src/">
    <Project Path="src/TodoApi/TodoApi.csproj" />
  </Folder>
  <Folder Name="/tests/">
    <Project Path="tests/TodoApi.IntegrationTests/TodoApi.IntegrationTests.csproj" />
    <Project Path="tests/TodoApi.UnitTests/TodoApi.UnitTests.csproj" />
  </Folder>
</Solution>
